
Microsoft Visual Studio Solution File, Format Version 12.00
# Visual Studio 2013
VisualStudioVersion = 12.0.40629.0
MinimumVisualStudioVersion = 10.0.40219.1
Project("{FAE04EC0-301F-11D3-BF4B-00C04F79EFBC}") = "API_FOLHA", "API_FOLHA\API_FOLHA.csproj", "{C3295329-6D04-4753-AF41-F18FED1E908C}"
EndProject
Project("{FAE04EC0-301F-11D3-BF4B-00C04F79EFBC}") = "TESTE_FOLHA", "TESTE_FOLHA\TESTE_FOLHA.csproj", "{C5EA1BE3-C105-46CF-9CE1-76B57100426E}"
EndProject
Global
	GlobalSection(SolutionConfigurationPlatforms) = preSolution
		Debug|Any CPU = Debug|Any CPU
		Release|Any CPU = Release|Any CPU
	EndGlobalSection
	GlobalSection(ProjectConfigurationPlatforms) = postSolution
		{C3295329-6D04-4753-AF41-F18FED1E908C}.Debug|Any CPU.ActiveCfg = Debug|Any CPU
		{C3295329-6D04-4753-AF41-F18FED1E908C}.Debug|Any CPU.Build.0 = Debug|Any CPU
		{C3295329-6D04-4753-AF41-F18FED1E908C}.Release|Any CPU.ActiveCfg = Release|Any CPU
		{C3295329-6D04-4753-AF41-F18FED1E908C}.Release|Any CPU.Build.0 = Release|Any CPU
		{C5EA1BE3-C105-46CF-9CE1-76B57100426E}.Debug|Any CPU.ActiveCfg = Debug|Any CPU
		{C5EA1BE3-C105-46CF-9CE1-76B57100426E}.Debug|Any CPU.Build.0 = Debug|Any CPU
		{C5EA1BE3-C105-46CF-9CE1-76B57100426E}.Release|Any CPU.ActiveCfg = Release|Any CPU
		{C5EA1BE3-C105-46CF-9CE1-76B57100426E}.Release|Any CPU.Build.0 = Release|Any CPU
	EndGlobalSection
	GlobalSection(SolutionProperties) = preSolution
		HideSolutionNode = FALSE
	EndGlobalSection
EndGlobal
